
Microsoft Visual Studio Solution File, Format Version 12.00
# Visual Studio 15
VisualStudioVersion = 15.0.26730.10
MinimumVisualStudioVersion = 10.0.40219.1
Project("{FAE04EC0-301F-11D3-BF4B-00C04F79EFBC}") = "CS-Spies-Challenge", "CS-Spies-Challenge\CS-Spies-Challenge.csproj", "{650C53D2-80D7-46E4-A47D-C55AD3A5590A}"
EndProject
Global
	GlobalSection(SolutionConfigurationPlatforms) = preSolution
		Debug|Any CPU = Debug|Any CPU
		Release|Any CPU = Release|Any CPU
	EndGlobalSection
	GlobalSection(ProjectConfigurationPlatforms) = postSolution
		{650C53D2-80D7-46E4-A47D-C55AD3A5590A}.Debug|Any CPU.ActiveCfg = Debug|Any CPU
		{650C53D2-80D7-46E4-A47D-C55AD3A5590A}.Debug|Any CPU.Build.0 = Debug|Any CPU
		{650C53D2-80D7-46E4-A47D-C55AD3A5590A}.Release|Any CPU.ActiveCfg = Release|Any CPU
		{650C53D2-80D7-46E4-A47D-C55AD3A5590A}.Release|Any CPU.Build.0 = Release|Any CPU
	EndGlobalSection
	GlobalSection(SolutionProperties) = preSolution
		HideSolutionNode = FALSE
	EndGlobalSection
	GlobalSection(ExtensibilityGlobals) = postSolution
		SolutionGuid = {F0EF9C7F-7C86-4BA0-A61F-0B4720F2F745}
	EndGlobalSection
EndGlobal
