
Microsoft Visual Studio Solution File, Format Version 12.00
# Visual Studio 15
VisualStudioVersion = 15.0.26730.10
MinimumVisualStudioVersion = 10.0.40219.1
Project("{FAE04EC0-301F-11D3-BF4B-00C04F79EFBC}") = "Branchin", "Branchin\Branchin.csproj", "{E5406F98-DF98-4644-A886-B60E2DFA7EBF}"
EndProject
Global
	GlobalSection(SolutionConfigurationPlatforms) = preSolution
		Debug|Any CPU = Debug|Any CPU
		Release|Any CPU = Release|Any CPU
	EndGlobalSection
	GlobalSection(ProjectConfigurationPlatforms) = postSolution
		{E5406F98-DF98-4644-A886-B60E2DFA7EBF}.Debug|Any CPU.ActiveCfg = Debug|Any CPU
		{E5406F98-DF98-4644-A886-B60E2DFA7EBF}.Debug|Any CPU.Build.0 = Debug|Any CPU
		{E5406F98-DF98-4644-A886-B60E2DFA7EBF}.Release|Any CPU.ActiveCfg = Release|Any CPU
		{E5406F98-DF98-4644-A886-B60E2DFA7EBF}.Release|Any CPU.Build.0 = Release|Any CPU
	EndGlobalSection
	GlobalSection(SolutionProperties) = preSolution
		HideSolutionNode = FALSE
	EndGlobalSection
	GlobalSection(ExtensibilityGlobals) = postSolution
		SolutionGuid = {2A749845-426D-4451-823A-DBC3D3E19DD7}
	EndGlobalSection
EndGlobal
