
Microsoft Visual Studio Solution File, Format Version 12.00
# Visual Studio 15
VisualStudioVersion = 15.0.26730.10
MinimumVisualStudioVersion = 10.0.40219.1
Project("{FAE04EC0-301F-11D3-BF4B-00C04F79EFBC}") = "CS-ASP_016-ChallengeDaysBetweenDates", "CS-ASP_016-ChallengeDaysBetweenDates\CS-ASP_016-ChallengeDaysBetweenDates.csproj", "{D78C7610-1B9B-4902-B91C-227A78B5B03D}"
EndProject
Global
	GlobalSection(SolutionConfigurationPlatforms) = preSolution
		Debug|Any CPU = Debug|Any CPU
		Release|Any CPU = Release|Any CPU
	EndGlobalSection
	GlobalSection(ProjectConfigurationPlatforms) = postSolution
		{D78C7610-1B9B-4902-B91C-227A78B5B03D}.Debug|Any CPU.ActiveCfg = Debug|Any CPU
		{D78C7610-1B9B-4902-B91C-227A78B5B03D}.Debug|Any CPU.Build.0 = Debug|Any CPU
		{D78C7610-1B9B-4902-B91C-227A78B5B03D}.Release|Any CPU.ActiveCfg = Release|Any CPU
		{D78C7610-1B9B-4902-B91C-227A78B5B03D}.Release|Any CPU.Build.0 = Release|Any CPU
	EndGlobalSection
	GlobalSection(SolutionProperties) = preSolution
		HideSolutionNode = FALSE
	EndGlobalSection
	GlobalSection(ExtensibilityGlobals) = postSolution
		SolutionGuid = {A9539B00-0BF9-415A-9185-6E6F628ACE3D}
	EndGlobalSection
EndGlobal
